
Microsoft Visual Studio Solution File, Format Version 12.00
# Visual Studio Version 17
VisualStudioVersion = 17.6.33829.357
MinimumVisualStudioVersion = 10.0.40219.1
Project("{9A19103F-16F7-4668-BE54-9A1E7A4F7556}") = "Chat Site", "Chat Site.csproj", "{BDC12E0B-A1B7-4BCE-B1E2-88081EAC1A9A}"
EndProject
Global
	GlobalSection(SolutionConfigurationPlatforms) = preSolution
		Debug|Any CPU = Debug|Any CPU
		Release|Any CPU = Release|Any CPU
	EndGlobalSection
	GlobalSection(ProjectConfigurationPlatforms) = postSolution
		{BDC12E0B-A1B7-4BCE-B1E2-88081EAC1A9A}.Debug|Any CPU.ActiveCfg = Debug|Any CPU
		{BDC12E0B-A1B7-4BCE-B1E2-88081EAC1A9A}.Debug|Any CPU.Build.0 = Debug|Any CPU
		{BDC12E0B-A1B7-4BCE-B1E2-88081EAC1A9A}.Release|Any CPU.ActiveCfg = Release|Any CPU
		{BDC12E0B-A1B7-4BCE-B1E2-88081EAC1A9A}.Release|Any CPU.Build.0 = Release|Any CPU
	EndGlobalSection
	GlobalSection(SolutionProperties) = preSolution
		HideSolutionNode = FALSE
	EndGlobalSection
	GlobalSection(ExtensibilityGlobals) = postSolution
		SolutionGuid = {E08E0E28-04AD-4D44-8BA9-1EA1FD93AF60}
	EndGlobalSection
EndGlobal
