
Microsoft Visual Studio Solution File, Format Version 12.00
# Visual Studio Version 17
VisualStudioVersion = 17.7.34024.191
MinimumVisualStudioVersion = 10.0.40219.1
Project("{54A90642-561A-4BB1-A94E-469ADEE60C69}") = "Client", "Client\Client.esproj", "{2CF10596-15CA-4EFE-B535-226421390A67}"
EndProject
Project("{9A19103F-16F7-4668-BE54-9A1E7A4F7556}") = "API", "API\API.csproj", "{5824672D-36F7-4DB4-B908-981200790BA2}"
EndProject
Global
	GlobalSection(SolutionConfigurationPlatforms) = preSolution
		Debug|Any CPU = Debug|Any CPU
		Release|Any CPU = Release|Any CPU
	EndGlobalSection
	GlobalSection(ProjectConfigurationPlatforms) = postSolution
		{2CF10596-15CA-4EFE-B535-226421390A67}.Debug|Any CPU.ActiveCfg = Debug|Any CPU
		{2CF10596-15CA-4EFE-B535-226421390A67}.Debug|Any CPU.Build.0 = Debug|Any CPU
		{2CF10596-15CA-4EFE-B535-226421390A67}.Debug|Any CPU.Deploy.0 = Debug|Any CPU
		{2CF10596-15CA-4EFE-B535-226421390A67}.Release|Any CPU.ActiveCfg = Release|Any CPU
		{2CF10596-15CA-4EFE-B535-226421390A67}.Release|Any CPU.Build.0 = Release|Any CPU
		{2CF10596-15CA-4EFE-B535-226421390A67}.Release|Any CPU.Deploy.0 = Release|Any CPU
		{5824672D-36F7-4DB4-B908-981200790BA2}.Debug|Any CPU.ActiveCfg = Debug|Any CPU
		{5824672D-36F7-4DB4-B908-981200790BA2}.Debug|Any CPU.Build.0 = Debug|Any CPU
		{5824672D-36F7-4DB4-B908-981200790BA2}.Release|Any CPU.ActiveCfg = Release|Any CPU
		{5824672D-36F7-4DB4-B908-981200790BA2}.Release|Any CPU.Build.0 = Release|Any CPU
	EndGlobalSection
	GlobalSection(SolutionProperties) = preSolution
		HideSolutionNode = FALSE
	EndGlobalSection
	GlobalSection(ExtensibilityGlobals) = postSolution
		SolutionGuid = {6664C4C5-8330-46C1-8785-18061837CDFA}
	EndGlobalSection
EndGlobal
